
Microsoft Visual Studio Solution File, Format Version 12.00
# Visual Studio 15
VisualStudioVersion = 15.0.27130.2027
MinimumVisualStudioVersion = 10.0.40219.1
Project("{FAE04EC0-301F-11D3-BF4B-00C04F79EFBC}") = "Bookstore", "Bookstore\Bookstore.csproj", "{D841CE53-D67A-4442-BE9E-AB5B7651EDE7}"
EndProject
Project("{2150E333-8FDC-42A3-9474-1A3956D46DE8}") = "Solution Items", "Solution Items", "{49B7C66C-1CA8-49D9-9BA7-DEAE927FE08E}"
	ProjectSection(SolutionItems) = preProject
		.gitignore = .gitignore
	EndProjectSection
EndProject
Global
	GlobalSection(SolutionConfigurationPlatforms) = preSolution
		Debug|Any CPU = Debug|Any CPU
		Release|Any CPU = Release|Any CPU
	EndGlobalSection
	GlobalSection(ProjectConfigurationPlatforms) = postSolution
		{D841CE53-D67A-4442-BE9E-AB5B7651EDE7}.Debug|Any CPU.ActiveCfg = Debug|Any CPU
		{D841CE53-D67A-4442-BE9E-AB5B7651EDE7}.Debug|Any CPU.Build.0 = Debug|Any CPU
		{D841CE53-D67A-4442-BE9E-AB5B7651EDE7}.Release|Any CPU.ActiveCfg = Release|Any CPU
		{D841CE53-D67A-4442-BE9E-AB5B7651EDE7}.Release|Any CPU.Build.0 = Release|Any CPU
	EndGlobalSection
	GlobalSection(SolutionProperties) = preSolution
		HideSolutionNode = FALSE
	EndGlobalSection
	GlobalSection(ExtensibilityGlobals) = postSolution
		SolutionGuid = {548039BA-7F16-45B0-9E9C-F4DC3E52497A}
	EndGlobalSection
EndGlobal
